schema: '2.0'
stages:
  get-features:
    cmd: python3 scripts/feature_engineering/get_features.py data/raw/
    deps:
    - path: data/raw/
      hash: md5
      md5: c4dba175372263e2720ede358ade07ae.dir
      size: 200315
      nfiles: 5
    - path: scripts/feature_engineering/get_features.py
      hash: md5
      md5: 5c521002c7983984850649f2d7e85b43
      size: 687
    outs:
    - path: data/features
      hash: md5
      md5: 419321194b3390e47847acab161267c2.dir
      size: 198872
      nfiles: 2
  data-prep:
    cmd: python3 scripts/feature_engineering/data_preprocessing.py data/features/
    deps:
    - path: data/features/
      hash: md5
      md5: 419321194b3390e47847acab161267c2.dir
      size: 198872
      nfiles: 2
    - path: scripts/feature_engineering/data_preprocessing.py
      hash: md5
      md5: 5c8f71c6dce23770054c9b6e2292e82f
      size: 1812
    outs:
    - path: data/prepared
      hash: md5
      md5: cb92b83c88d75089240a29c6431daa4a.dir
      size: 213256
      nfiles: 2
  train:
    cmd: python3 scripts/model_scripts/model_preparation.py data/prepared/train.csv
      model.pkl
    deps:
    - path: data/prepared/train.csv
      hash: md5
      md5: 5f0068f50facdbb628eeb643cfb936a5
      size: 152319
    - path: scripts/model_scripts/model_preparation.py
      hash: md5
      md5: 6eff30bcee8fbe7122989945c4e5c137
      size: 881
    params:
      params.yaml:
        train.iters: 15
        train.seed: 7
    outs:
    - path: models/model.pkl
      hash: md5
      md5: 5bb6d5a05cb88b26204c30904d23974b
      size: 853
  evaluate:
    cmd: python3 scripts/model_scripts/evaluate.py data/prepared/test.csv models/model.pkl
    deps:
    - path: data/prepared/test.csv
      hash: md5
      md5: 7505382793e6469c217a1cfb2b40008f
      size: 60937
    - path: models/model.pkl
      hash: md5
      md5: 5bb6d5a05cb88b26204c30904d23974b
      size: 853
    - path: scripts/model_scripts/evaluate.py
      hash: md5
      md5: 22835035e1f1dd675b3dd1536b3d1ef3
      size: 550
    outs:
    - path: evaluate.json
      hash: md5
      md5: b5312747af7377e24f3f5ecfe220d2e6
      size: 14
